
Microsoft Visual Studio Solution File, Format Version 12.00
# Visual Studio Version 17
VisualStudioVersion = 17.1.32328.378
MinimumVisualStudioVersion = 10.0.40219.1
Project("{FAE04EC0-301F-11D3-BF4B-00C04F79EFBC}") = "ResponsiPemrograman1531", "ResponsiPemrograman1531\ResponsiPemrograman1531.csproj", "{1C14692F-3D15-4040-A819-89519B97F6D8}"
EndProject
Global
	GlobalSection(SolutionConfigurationPlatforms) = preSolution
		Debug|Any CPU = Debug|Any CPU
		Release|Any CPU = Release|Any CPU
	EndGlobalSection
	GlobalSection(ProjectConfigurationPlatforms) = postSolution
		{1C14692F-3D15-4040-A819-89519B97F6D8}.Debug|Any CPU.ActiveCfg = Debug|Any CPU
		{1C14692F-3D15-4040-A819-89519B97F6D8}.Debug|Any CPU.Build.0 = Debug|Any CPU
		{1C14692F-3D15-4040-A819-89519B97F6D8}.Release|Any CPU.ActiveCfg = Release|Any CPU
		{1C14692F-3D15-4040-A819-89519B97F6D8}.Release|Any CPU.Build.0 = Release|Any CPU
	EndGlobalSection
	GlobalSection(SolutionProperties) = preSolution
		HideSolutionNode = FALSE
	EndGlobalSection
	GlobalSection(ExtensibilityGlobals) = postSolution
		SolutionGuid = {D447ECAF-C648-4C3F-ABD3-C26B28FDCC0B}
	EndGlobalSection
EndGlobal
